
Microsoft Visual Studio Solution File, Format Version 12.00
# Visual Studio Version 17
VisualStudioVersion = 17.4.33403.182
MinimumVisualStudioVersion = 10.0.40219.1
Project("{9A19103F-16F7-4668-BE54-9A1E7A4F7556}") = "AssetSystem", "AssetSystem\AssetSystem.csproj", "{378CDA3D-23DD-4578-A10A-426051FF206A}"
EndProject
Project("{9A19103F-16F7-4668-BE54-9A1E7A4F7556}") = "CommonUtilities", "CommonUtilities\CommonUtilities.csproj", "{24F39DCA-0CD4-4BE3-AD8F-37B85A33F38D}"
EndProject
Project("{9A19103F-16F7-4668-BE54-9A1E7A4F7556}") = "NbtEditor", "NbtEditor\NbtEditor.csproj", "{B2799CE2-9963-4FCE-AF82-11283CBC8AD7}"
EndProject
Project("{2150E333-8FDC-42A3-9474-1A3956D46DE8}") = "WorldEditor", "WorldEditor", "{345BC80E-D639-4580-B751-9AF6883C34AD}"
EndProject
Project("{2150E333-8FDC-42A3-9474-1A3956D46DE8}") = "Mapper", "Mapper", "{67468BE9-053F-413D-BB77-F3759905D397}"
EndProject
Project("{2150E333-8FDC-42A3-9474-1A3956D46DE8}") = "Gui", "Gui", "{1066015E-11D8-4AE9-821F-306337E4A1CF}"
EndProject
Project("{9A19103F-16F7-4668-BE54-9A1E7A4F7556}") = "Mapper", "Mapper\Mapper.csproj", "{F3522B03-D18E-4143-987D-3F95AB723698}"
EndProject
Project("{9A19103F-16F7-4668-BE54-9A1E7A4F7556}") = "MapScanner", "MapScanner\MapScanner.csproj", "{F5C10224-3243-4FA5-9C99-1935DA87047D}"
EndProject
Project("{9A19103F-16F7-4668-BE54-9A1E7A4F7556}") = "WorldEditor", "WorldEditor\WorldEditor.csproj", "{0D2743E5-BD2D-4F57-95A7-03B7E3ADDBED}"
EndProject
Project("{2150E333-8FDC-42A3-9474-1A3956D46DE8}") = "Assemblies", "Assemblies", "{3A1B7AB7-4C05-4674-BFB2-F37E50C861AC}"
	ProjectSection(SolutionItems) = preProject
		Assemblies\zlibnet.dll = Assemblies\zlibnet.dll
	EndProjectSection
EndProject
Project("{9A19103F-16F7-4668-BE54-9A1E7A4F7556}") = "Mapper.Gui", "Mapper.Gui\Mapper.Gui.csproj", "{F9A58F05-99FA-4D08-9948-866EC134A926}"
EndProject
Project("{54435603-DBB4-11D2-8724-00A0C9A8B90C}") = "Mapper.Gui.Setup", "Mapper.Gui.Setup\Mapper.Gui.Setup.vdproj", "{5FD5A5D0-E747-41BE-9533-954D94A05F98}"
EndProject
Global
	GlobalSection(SolutionConfigurationPlatforms) = preSolution
		Debug|Any CPU = Debug|Any CPU
		Debug|ARM = Debug|ARM
		Debug|ARM64 = Debug|ARM64
		Debug|x64 = Debug|x64
		Debug|x86 = Debug|x86
		Release|Any CPU = Release|Any CPU
		Release|ARM = Release|ARM
		Release|ARM64 = Release|ARM64
		Release|x64 = Release|x64
		Release|x86 = Release|x86
	EndGlobalSection
	GlobalSection(ProjectConfigurationPlatforms) = postSolution
		{378CDA3D-23DD-4578-A10A-426051FF206A}.Debug|Any CPU.ActiveCfg = Release|Any CPU
		{378CDA3D-23DD-4578-A10A-426051FF206A}.Debug|Any CPU.Build.0 = Release|Any CPU
		{378CDA3D-23DD-4578-A10A-426051FF206A}.Debug|ARM.ActiveCfg = Debug|Any CPU
		{378CDA3D-23DD-4578-A10A-426051FF206A}.Debug|ARM.Build.0 = Debug|Any CPU
		{378CDA3D-23DD-4578-A10A-426051FF206A}.Debug|ARM64.ActiveCfg = Debug|Any CPU
		{378CDA3D-23DD-4578-A10A-426051FF206A}.Debug|ARM64.Build.0 = Debug|Any CPU
		{378CDA3D-23DD-4578-A10A-426051FF206A}.Debug|x64.ActiveCfg = Debug|x64
		{378CDA3D-23DD-4578-A10A-426051FF206A}.Debug|x64.Build.0 = Debug|x64
		{378CDA3D-23DD-4578-A10A-426051FF206A}.Debug|x86.ActiveCfg = Debug|Any CPU
		{378CDA3D-23DD-4578-A10A-426051FF206A}.Debug|x86.Build.0 = Debug|Any CPU
		{378CDA3D-23DD-4578-A10A-426051FF206A}.Release|Any CPU.ActiveCfg = Release|Any CPU
		{378CDA3D-23DD-4578-A10A-426051FF206A}.Release|Any CPU.Build.0 = Release|Any CPU
		{378CDA3D-23DD-4578-A10A-426051FF206A}.Release|ARM.ActiveCfg = Release|Any CPU
		{378CDA3D-23DD-4578-A10A-426051FF206A}.Release|ARM.Build.0 = Release|Any CPU
		{378CDA3D-23DD-4578-A10A-426051FF206A}.Release|ARM64.ActiveCfg = Release|Any CPU
		{378CDA3D-23DD-4578-A10A-426051FF206A}.Release|ARM64.Build.0 = Release|Any CPU
		{378CDA3D-23DD-4578-A10A-426051FF206A}.Release|x64.ActiveCfg = Release|x64
		{378CDA3D-23DD-4578-A10A-426051FF206A}.Release|x64.Build.0 = Release|x64
		{378CDA3D-23DD-4578-A10A-426051FF206A}.Release|x86.ActiveCfg = Release|Any CPU
		{378CDA3D-23DD-4578-A10A-426051FF206A}.Release|x86.Build.0 = Release|Any CPU
		{24F39DCA-0CD4-4BE3-AD8F-37B85A33F38D}.Debug|Any CPU.ActiveCfg = Debug|Any CPU
		{24F39DCA-0CD4-4BE3-AD8F-37B85A33F38D}.Debug|Any CPU.Build.0 = Debug|Any CPU
		{24F39DCA-0CD4-4BE3-AD8F-37B85A33F38D}.Debug|ARM.ActiveCfg = Debug|Any CPU
		{24F39DCA-0CD4-4BE3-AD8F-37B85A33F38D}.Debug|ARM.Build.0 = Debug|Any CPU
		{24F39DCA-0CD4-4BE3-AD8F-37B85A33F38D}.Debug|ARM64.ActiveCfg = Debug|Any CPU
		{24F39DCA-0CD4-4BE3-AD8F-37B85A33F38D}.Debug|ARM64.Build.0 = Debug|Any CPU
		{24F39DCA-0CD4-4BE3-AD8F-37B85A33F38D}.Debug|x64.ActiveCfg = Debug|x64
		{24F39DCA-0CD4-4BE3-AD8F-37B85A33F38D}.Debug|x64.Build.0 = Debug|x64
		{24F39DCA-0CD4-4BE3-AD8F-37B85A33F38D}.Debug|x86.ActiveCfg = Debug|Any CPU
		{24F39DCA-0CD4-4BE3-AD8F-37B85A33F38D}.Debug|x86.Build.0 = Debug|Any CPU
		{24F39DCA-0CD4-4BE3-AD8F-37B85A33F38D}.Release|Any CPU.ActiveCfg = Release|Any CPU
		{24F39DCA-0CD4-4BE3-AD8F-37B85A33F38D}.Release|Any CPU.Build.0 = Release|Any CPU
		{24F39DCA-0CD4-4BE3-AD8F-37B85A33F38D}.Release|ARM.ActiveCfg = Release|Any CPU
		{24F39DCA-0CD4-4BE3-AD8F-37B85A33F38D}.Release|ARM.Build.0 = Release|Any CPU
		{24F39DCA-0CD4-4BE3-AD8F-37B85A33F38D}.Release|ARM64.ActiveCfg = Release|Any CPU
		{24F39DCA-0CD4-4BE3-AD8F-37B85A33F38D}.Release|ARM64.Build.0 = Release|Any CPU
		{24F39DCA-0CD4-4BE3-AD8F-37B85A33F38D}.Release|x64.ActiveCfg = Release|x64
		{24F39DCA-0CD4-4BE3-AD8F-37B85A33F38D}.Release|x64.Build.0 = Release|x64
		{24F39DCA-0CD4-4BE3-AD8F-37B85A33F38D}.Release|x86.ActiveCfg = Release|Any CPU
		{24F39DCA-0CD4-4BE3-AD8F-37B85A33F38D}.Release|x86.Build.0 = Release|Any CPU
		{B2799CE2-9963-4FCE-AF82-11283CBC8AD7}.Debug|Any CPU.ActiveCfg = Debug|Any CPU
		{B2799CE2-9963-4FCE-AF82-11283CBC8AD7}.Debug|Any CPU.Build.0 = Debug|Any CPU
		{B2799CE2-9963-4FCE-AF82-11283CBC8AD7}.Debug|ARM.ActiveCfg = Debug|Any CPU
		{B2799CE2-9963-4FCE-AF82-11283CBC8AD7}.Debug|ARM.Build.0 = Debug|Any CPU
		{B2799CE2-9963-4FCE-AF82-11283CBC8AD7}.Debug|ARM64.ActiveCfg = Debug|Any CPU
		{B2799CE2-9963-4FCE-AF82-11283CBC8AD7}.Debug|ARM64.Build.0 = Debug|Any CPU
		{B2799CE2-9963-4FCE-AF82-11283CBC8AD7}.Debug|x64.ActiveCfg = Debug|x64
		{B2799CE2-9963-4FCE-AF82-11283CBC8AD7}.Debug|x64.Build.0 = Debug|x64
		{B2799CE2-9963-4FCE-AF82-11283CBC8AD7}.Debug|x86.ActiveCfg = Debug|Any CPU
		{B2799CE2-9963-4FCE-AF82-11283CBC8AD7}.Debug|x86.Build.0 = Debug|Any CPU
		{B2799CE2-9963-4FCE-AF82-11283CBC8AD7}.Release|Any CPU.ActiveCfg = Release|Any CPU
		{B2799CE2-9963-4FCE-AF82-11283CBC8AD7}.Release|Any CPU.Build.0 = Release|Any CPU
		{B2799CE2-9963-4FCE-AF82-11283CBC8AD7}.Release|ARM.ActiveCfg = Release|Any CPU
		{B2799CE2-9963-4FCE-AF82-11283CBC8AD7}.Release|ARM.Build.0 = Release|Any CPU
		{B2799CE2-9963-4FCE-AF82-11283CBC8AD7}.Release|ARM64.ActiveCfg = Release|Any CPU
		{B2799CE2-9963-4FCE-AF82-11283CBC8AD7}.Release|ARM64.Build.0 = Release|Any CPU
		{B2799CE2-9963-4FCE-AF82-11283CBC8AD7}.Release|x64.ActiveCfg = Release|x64
		{B2799CE2-9963-4FCE-AF82-11283CBC8AD7}.Release|x64.Build.0 = Release|x64
		{B2799CE2-9963-4FCE-AF82-11283CBC8AD7}.Release|x86.ActiveCfg = Release|Any CPU
		{B2799CE2-9963-4FCE-AF82-11283CBC8AD7}.Release|x86.Build.0 = Release|Any CPU
		{F3522B03-D18E-4143-987D-3F95AB723698}.Debug|Any CPU.ActiveCfg = Debug|Any CPU
		{F3522B03-D18E-4143-987D-3F95AB723698}.Debug|Any CPU.Build.0 = Debug|Any CPU
		{F3522B03-D18E-4143-987D-3F95AB723698}.Debug|ARM.ActiveCfg = Debug|Any CPU
		{F3522B03-D18E-4143-987D-3F95AB723698}.Debug|ARM.Build.0 = Debug|Any CPU
		{F3522B03-D18E-4143-987D-3F95AB723698}.Debug|ARM64.ActiveCfg = Debug|Any CPU
		{F3522B03-D18E-4143-987D-3F95AB723698}.Debug|ARM64.Build.0 = Debug|Any CPU
		{F3522B03-D18E-4143-987D-3F95AB723698}.Debug|x64.ActiveCfg = Debug|Any CPU
		{F3522B03-D18E-4143-987D-3F95AB723698}.Debug|x64.Build.0 = Debug|Any CPU
		{F3522B03-D18E-4143-987D-3F95AB723698}.Debug|x86.ActiveCfg = Debug|x86
		{F3522B03-D18E-4143-987D-3F95AB723698}.Debug|x86.Build.0 = Debug|x86
		{F3522B03-D18E-4143-987D-3F95AB723698}.Release|Any CPU.ActiveCfg = Release|Any CPU
		{F3522B03-D18E-4143-987D-3F95AB723698}.Release|Any CPU.Build.0 = Release|Any CPU
		{F3522B03-D18E-4143-987D-3F95AB723698}.Release|ARM.ActiveCfg = Release|Any CPU
		{F3522B03-D18E-4143-987D-3F95AB723698}.Release|ARM.Build.0 = Release|Any CPU
		{F3522B03-D18E-4143-987D-3F95AB723698}.Release|ARM64.ActiveCfg = Release|Any CPU
		{F3522B03-D18E-4143-987D-3F95AB723698}.Release|ARM64.Build.0 = Release|Any CPU
		{F3522B03-D18E-4143-987D-3F95AB723698}.Release|x64.ActiveCfg = Release|x64
		{F3522B03-D18E-4143-987D-3F95AB723698}.Release|x64.Build.0 = Release|x64
		{F3522B03-D18E-4143-987D-3F95AB723698}.Release|x86.ActiveCfg = Release|x86
		{F3522B03-D18E-4143-987D-3F95AB723698}.Release|x86.Build.0 = Release|x86
		{F5C10224-3243-4FA5-9C99-1935DA87047D}.Debug|Any CPU.ActiveCfg = Debug|Any CPU
		{F5C10224-3243-4FA5-9C99-1935DA87047D}.Debug|Any CPU.Build.0 = Debug|Any CPU
		{F5C10224-3243-4FA5-9C99-1935DA87047D}.Debug|ARM.ActiveCfg = Debug|Any CPU
		{F5C10224-3243-4FA5-9C99-1935DA87047D}.Debug|ARM.Build.0 = Debug|Any CPU
		{F5C10224-3243-4FA5-9C99-1935DA87047D}.Debug|ARM64.ActiveCfg = Debug|Any CPU
		{F5C10224-3243-4FA5-9C99-1935DA87047D}.Debug|ARM64.Build.0 = Debug|Any CPU
		{F5C10224-3243-4FA5-9C99-1935DA87047D}.Debug|x64.ActiveCfg = Debug|Any CPU
		{F5C10224-3243-4FA5-9C99-1935DA87047D}.Debug|x64.Build.0 = Debug|Any CPU
		{F5C10224-3243-4FA5-9C99-1935DA87047D}.Debug|x86.ActiveCfg = Debug|Any CPU
		{F5C10224-3243-4FA5-9C99-1935DA87047D}.Debug|x86.Build.0 = Debug|Any CPU
		{F5C10224-3243-4FA5-9C99-1935DA87047D}.Release|Any CPU.ActiveCfg = Release|Any CPU
		{F5C10224-3243-4FA5-9C99-1935DA87047D}.Release|Any CPU.Build.0 = Release|Any CPU
		{F5C10224-3243-4FA5-9C99-1935DA87047D}.Release|ARM.ActiveCfg = Release|Any CPU
		{F5C10224-3243-4FA5-9C99-1935DA87047D}.Release|ARM.Build.0 = Release|Any CPU
		{F5C10224-3243-4FA5-9C99-1935DA87047D}.Release|ARM64.ActiveCfg = Release|Any CPU
		{F5C10224-3243-4FA5-9C99-1935DA87047D}.Release|ARM64.Build.0 = Release|Any CPU
		{F5C10224-3243-4FA5-9C99-1935DA87047D}.Release|x64.ActiveCfg = Release|x64
		{F5C10224-3243-4FA5-9C99-1935DA87047D}.Release|x64.Build.0 = Release|x64
		{F5C10224-3243-4FA5-9C99-1935DA87047D}.Release|x86.ActiveCfg = Release|Any CPU
		{F5C10224-3243-4FA5-9C99-1935DA87047D}.Release|x86.Build.0 = Release|Any CPU
		{0D2743E5-BD2D-4F57-95A7-03B7E3ADDBED}.Debug|Any CPU.ActiveCfg = Debug|Any CPU
		{0D2743E5-BD2D-4F57-95A7-03B7E3ADDBED}.Debug|Any CPU.Build.0 = Debug|Any CPU
		{0D2743E5-BD2D-4F57-95A7-03B7E3ADDBED}.Debug|ARM.ActiveCfg = Debug|Any CPU
		{0D2743E5-BD2D-4F57-95A7-03B7E3ADDBED}.Debug|ARM.Build.0 = Debug|Any CPU
		{0D2743E5-BD2D-4F57-95A7-03B7E3ADDBED}.Debug|ARM64.ActiveCfg = Debug|Any CPU
		{0D2743E5-BD2D-4F57-95A7-03B7E3ADDBED}.Debug|ARM64.Build.0 = Debug|Any CPU
		{0D2743E5-BD2D-4F57-95A7-03B7E3ADDBED}.Debug|x64.ActiveCfg = Debug|Any CPU
		{0D2743E5-BD2D-4F57-95A7-03B7E3ADDBED}.Debug|x64.Build.0 = Debug|Any CPU
		{0D2743E5-BD2D-4F57-95A7-03B7E3ADDBED}.Debug|x86.ActiveCfg = Debug|x86
		{0D2743E5-BD2D-4F57-95A7-03B7E3ADDBED}.Debug|x86.Build.0 = Debug|x86
		{0D2743E5-BD2D-4F57-95A7-03B7E3ADDBED}.Release|Any CPU.ActiveCfg = Release|Any CPU
		{0D2743E5-BD2D-4F57-95A7-03B7E3ADDBED}.Release|Any CPU.Build.0 = Release|Any CPU
		{0D2743E5-BD2D-4F57-95A7-03B7E3ADDBED}.Release|ARM.ActiveCfg = Release|Any CPU
		{0D2743E5-BD2D-4F57-95A7-03B7E3ADDBED}.Release|ARM.Build.0 = Release|Any CPU
		{0D2743E5-BD2D-4F57-95A7-03B7E3ADDBED}.Release|ARM64.ActiveCfg = Release|Any CPU
		{0D2743E5-BD2D-4F57-95A7-03B7E3ADDBED}.Release|ARM64.Build.0 = Release|Any CPU
		{0D2743E5-BD2D-4F57-95A7-03B7E3ADDBED}.Release|x64.ActiveCfg = Release|x64
		{0D2743E5-BD2D-4F57-95A7-03B7E3ADDBED}.Release|x64.Build.0 = Release|x64
		{0D2743E5-BD2D-4F57-95A7-03B7E3ADDBED}.Release|x86.ActiveCfg = Release|x86
		{0D2743E5-BD2D-4F57-95A7-03B7E3ADDBED}.Release|x86.Build.0 = Release|x86
		{F9A58F05-99FA-4D08-9948-866EC134A926}.Debug|Any CPU.ActiveCfg = Debug|Any CPU
		{F9A58F05-99FA-4D08-9948-866EC134A926}.Debug|Any CPU.Build.0 = Debug|Any CPU
		{F9A58F05-99FA-4D08-9948-866EC134A926}.Debug|ARM.ActiveCfg = Debug|Any CPU
		{F9A58F05-99FA-4D08-9948-866EC134A926}.Debug|ARM.Build.0 = Debug|Any CPU
		{F9A58F05-99FA-4D08-9948-866EC134A926}.Debug|ARM64.ActiveCfg = Debug|Any CPU
		{F9A58F05-99FA-4D08-9948-866EC134A926}.Debug|ARM64.Build.0 = Debug|Any CPU
		{F9A58F05-99FA-4D08-9948-866EC134A926}.Debug|x64.ActiveCfg = Debug|Any CPU
		{F9A58F05-99FA-4D08-9948-866EC134A926}.Debug|x64.Build.0 = Debug|Any CPU
		{F9A58F05-99FA-4D08-9948-866EC134A926}.Debug|x86.ActiveCfg = Debug|Any CPU
		{F9A58F05-99FA-4D08-9948-866EC134A926}.Debug|x86.Build.0 = Debug|Any CPU
		{F9A58F05-99FA-4D08-9948-866EC134A926}.Release|Any CPU.ActiveCfg = Release|Any CPU
		{F9A58F05-99FA-4D08-9948-866EC134A926}.Release|Any CPU.Build.0 = Release|Any CPU
		{F9A58F05-99FA-4D08-9948-866EC134A926}.Release|ARM.ActiveCfg = Release|Any CPU
		{F9A58F05-99FA-4D08-9948-866EC134A926}.Release|ARM.Build.0 = Release|Any CPU
		{F9A58F05-99FA-4D08-9948-866EC134A926}.Release|ARM64.ActiveCfg = Release|Any CPU
		{F9A58F05-99FA-4D08-9948-866EC134A926}.Release|ARM64.Build.0 = Release|Any CPU
		{F9A58F05-99FA-4D08-9948-866EC134A926}.Release|x64.ActiveCfg = Release|x64
		{F9A58F05-99FA-4D08-9948-866EC134A926}.Release|x64.Build.0 = Release|x64
		{F9A58F05-99FA-4D08-9948-866EC134A926}.Release|x86.ActiveCfg = Release|Any CPU
		{F9A58F05-99FA-4D08-9948-866EC134A926}.Release|x86.Build.0 = Release|Any CPU
		{5FD5A5D0-E747-41BE-9533-954D94A05F98}.Debug|Any CPU.ActiveCfg = Debug
		{5FD5A5D0-E747-41BE-9533-954D94A05F98}.Debug|Any CPU.Build.0 = Debug
		{5FD5A5D0-E747-41BE-9533-954D94A05F98}.Debug|ARM.ActiveCfg = Debug
		{5FD5A5D0-E747-41BE-9533-954D94A05F98}.Debug|ARM.Build.0 = Debug
		{5FD5A5D0-E747-41BE-9533-954D94A05F98}.Debug|ARM64.ActiveCfg = Debug
		{5FD5A5D0-E747-41BE-9533-954D94A05F98}.Debug|ARM64.Build.0 = Debug
		{5FD5A5D0-E747-41BE-9533-954D94A05F98}.Debug|x64.ActiveCfg = Debug
		{5FD5A5D0-E747-41BE-9533-954D94A05F98}.Debug|x64.Build.0 = Debug
		{5FD5A5D0-E747-41BE-9533-954D94A05F98}.Debug|x86.ActiveCfg = Debug
		{5FD5A5D0-E747-41BE-9533-954D94A05F98}.Debug|x86.Build.0 = Debug
		{5FD5A5D0-E747-41BE-9533-954D94A05F98}.Release|Any CPU.ActiveCfg = Release
		{5FD5A5D0-E747-41BE-9533-954D94A05F98}.Release|Any CPU.Build.0 = Release
		{5FD5A5D0-E747-41BE-9533-954D94A05F98}.Release|ARM.ActiveCfg = Release
		{5FD5A5D0-E747-41BE-9533-954D94A05F98}.Release|ARM.Build.0 = Release
		{5FD5A5D0-E747-41BE-9533-954D94A05F98}.Release|ARM64.ActiveCfg = Release
		{5FD5A5D0-E747-41BE-9533-954D94A05F98}.Release|ARM64.Build.0 = Release
		{5FD5A5D0-E747-41BE-9533-954D94A05F98}.Release|x64.ActiveCfg = Release
		{5FD5A5D0-E747-41BE-9533-954D94A05F98}.Release|x64.Build.0 = Release
		{5FD5A5D0-E747-41BE-9533-954D94A05F98}.Release|x86.ActiveCfg = Release
		{5FD5A5D0-E747-41BE-9533-954D94A05F98}.Release|x86.Build.0 = Release
	EndGlobalSection
	GlobalSection(SolutionProperties) = preSolution
		HideSolutionNode = FALSE
	EndGlobalSection
	GlobalSection(NestedProjects) = preSolution
		{378CDA3D-23DD-4578-A10A-426051FF206A} = {67468BE9-053F-413D-BB77-F3759905D397}
		{24F39DCA-0CD4-4BE3-AD8F-37B85A33F38D} = {345BC80E-D639-4580-B751-9AF6883C34AD}
		{B2799CE2-9963-4FCE-AF82-11283CBC8AD7} = {345BC80E-D639-4580-B751-9AF6883C34AD}
		{F3522B03-D18E-4143-987D-3F95AB723698} = {67468BE9-053F-413D-BB77-F3759905D397}
		{F5C10224-3243-4FA5-9C99-1935DA87047D} = {67468BE9-053F-413D-BB77-F3759905D397}
		{0D2743E5-BD2D-4F57-95A7-03B7E3ADDBED} = {345BC80E-D639-4580-B751-9AF6883C34AD}
		{F9A58F05-99FA-4D08-9948-866EC134A926} = {1066015E-11D8-4AE9-821F-306337E4A1CF}
		{5FD5A5D0-E747-41BE-9533-954D94A05F98} = {1066015E-11D8-4AE9-821F-306337E4A1CF}
	EndGlobalSection
	GlobalSection(ExtensibilityGlobals) = postSolution
		SolutionGuid = {CEB7ADBA-EAA5-4C60-BC2E-2D79D60F31C4}
	EndGlobalSection
EndGlobal
